
Microsoft Visual Studio Solution File, Format Version 12.00
# Visual Studio 15
VisualStudioVersion = 15.0.27130.2020
MinimumVisualStudioVersion = 10.0.40219.1
Project("{8BC9CEB8-8B4A-11D0-8D11-00A0C91BC942}") = "nds", "nds.vcxproj", "{6B2BB5E8-6F2F-4A95-95E4-7F3BF15EAB9C}"
EndProject
Global
	GlobalSection(SolutionConfigurationPlatforms) = preSolution
		Debug|x64 = Debug|x64
		Release|x64 = Release|x64
	EndGlobalSection
	GlobalSection(ProjectConfigurationPlatforms) = postSolution
		{6B2BB5E8-6F2F-4A95-95E4-7F3BF15EAB9C}.Debug|x64.ActiveCfg = Debug|x64
		{6B2BB5E8-6F2F-4A95-95E4-7F3BF15EAB9C}.Debug|x64.Build.0 = Debug|x64
		{6B2BB5E8-6F2F-4A95-95E4-7F3BF15EAB9C}.Release|x64.ActiveCfg = Release|x64
		{6B2BB5E8-6F2F-4A95-95E4-7F3BF15EAB9C}.Release|x64.Build.0 = Release|x64
	EndGlobalSection
	GlobalSection(SolutionProperties) = preSolution
		HideSolutionNode = FALSE
	EndGlobalSection
	GlobalSection(ExtensibilityGlobals) = postSolution
		SolutionGuid = {A2F32B41-66D0-40B5-AE52-20C172B5D35D}
	EndGlobalSection
EndGlobal
